
Microsoft Visual Studio Solution File, Format Version 12.00
Project("{FAE04EC0-301F-11D3-BF4B-00C04F79EFBC}") = "GamesThatINeddToFinsih", "GamesThatINeddToFinsih\GamesThatINeddToFinsih.csproj", "{C1124B37-36E3-42A3-89F4-8A35AEED700B}"
EndProject
Global
	GlobalSection(SolutionConfigurationPlatforms) = preSolution
		Debug|Any CPU = Debug|Any CPU
		Release|Any CPU = Release|Any CPU
	EndGlobalSection
	GlobalSection(ProjectConfigurationPlatforms) = postSolution
		{C1124B37-36E3-42A3-89F4-8A35AEED700B}.Debug|Any CPU.ActiveCfg = Debug|Any CPU
		{C1124B37-36E3-42A3-89F4-8A35AEED700B}.Debug|Any CPU.Build.0 = Debug|Any CPU
		{C1124B37-36E3-42A3-89F4-8A35AEED700B}.Release|Any CPU.ActiveCfg = Release|Any CPU
		{C1124B37-36E3-42A3-89F4-8A35AEED700B}.Release|Any CPU.Build.0 = Release|Any CPU
	EndGlobalSection
EndGlobal
